
Microsoft Visual Studio Solution File, Format Version 12.00
# Visual Studio Version 17
VisualStudioVersion = 17.9.34616.47
MinimumVisualStudioVersion = 10.0.40219.1
Project("{FAE04EC0-301F-11D3-BF4B-00C04F79EFBC}") = "RPG account system", "RPG account system\RPG account system.csproj", "{D27B600B-5E04-4590-93FE-0900A006BD7A}"
EndProject
Global
	GlobalSection(SolutionConfigurationPlatforms) = preSolution
		Debug|Any CPU = Debug|Any CPU
		Release|Any CPU = Release|Any CPU
	EndGlobalSection
	GlobalSection(ProjectConfigurationPlatforms) = postSolution
		{D27B600B-5E04-4590-93FE-0900A006BD7A}.Debug|Any CPU.ActiveCfg = Debug|Any CPU
		{D27B600B-5E04-4590-93FE-0900A006BD7A}.Debug|Any CPU.Build.0 = Debug|Any CPU
		{D27B600B-5E04-4590-93FE-0900A006BD7A}.Release|Any CPU.ActiveCfg = Release|Any CPU
		{D27B600B-5E04-4590-93FE-0900A006BD7A}.Release|Any CPU.Build.0 = Release|Any CPU
	EndGlobalSection
	GlobalSection(SolutionProperties) = preSolution
		HideSolutionNode = FALSE
	EndGlobalSection
	GlobalSection(ExtensibilityGlobals) = postSolution
		SolutionGuid = {F649E530-4BFA-4419-BD81-68EB9ECC72BF}
	EndGlobalSection
EndGlobal
